
Microsoft Visual Studio Solution File, Format Version 12.00
# Visual Studio Version 17
VisualStudioVersion = 17.0.31912.275
MinimumVisualStudioVersion = 10.0.40219.1
Project("{FAE04EC0-301F-11D3-BF4B-00C04F79EFBC}") = "module-eight", "module-eight\module-eight.csproj", "{3731F082-4381-461F-B290-F98A213F93BD}"
EndProject
Global
	GlobalSection(SolutionConfigurationPlatforms) = preSolution
		Debug|Any CPU = Debug|Any CPU
		Release|Any CPU = Release|Any CPU
	EndGlobalSection
	GlobalSection(ProjectConfigurationPlatforms) = postSolution
		{3731F082-4381-461F-B290-F98A213F93BD}.Debug|Any CPU.ActiveCfg = Debug|Any CPU
		{3731F082-4381-461F-B290-F98A213F93BD}.Debug|Any CPU.Build.0 = Debug|Any CPU
		{3731F082-4381-461F-B290-F98A213F93BD}.Release|Any CPU.ActiveCfg = Release|Any CPU
		{3731F082-4381-461F-B290-F98A213F93BD}.Release|Any CPU.Build.0 = Release|Any CPU
	EndGlobalSection
	GlobalSection(SolutionProperties) = preSolution
		HideSolutionNode = FALSE
	EndGlobalSection
	GlobalSection(ExtensibilityGlobals) = postSolution
		SolutionGuid = {434AE637-F16C-42FB-AD08-8C054484AFB8}
	EndGlobalSection
EndGlobal
